
Microsoft Visual Studio Solution File, Format Version 12.00
# Visual Studio Version 17
VisualStudioVersion = 17.11.35303.130
MinimumVisualStudioVersion = 10.0.40219.1
Project("{FAE04EC0-301F-11D3-BF4B-00C04F79EFBC}") = "BurgerMenu", "BurgerMenu\BurgerMenu.csproj", "{92C52D15-FC6C-4E74-9EAF-37005901593D}"
EndProject
Global
	GlobalSection(SolutionConfigurationPlatforms) = preSolution
		Debug|Any CPU = Debug|Any CPU
		Release|Any CPU = Release|Any CPU
	EndGlobalSection
	GlobalSection(ProjectConfigurationPlatforms) = postSolution
		{92C52D15-FC6C-4E74-9EAF-37005901593D}.Debug|Any CPU.ActiveCfg = Debug|Any CPU
		{92C52D15-FC6C-4E74-9EAF-37005901593D}.Debug|Any CPU.Build.0 = Debug|Any CPU
		{92C52D15-FC6C-4E74-9EAF-37005901593D}.Release|Any CPU.ActiveCfg = Release|Any CPU
		{92C52D15-FC6C-4E74-9EAF-37005901593D}.Release|Any CPU.Build.0 = Release|Any CPU
	EndGlobalSection
	GlobalSection(SolutionProperties) = preSolution
		HideSolutionNode = FALSE
	EndGlobalSection
	GlobalSection(ExtensibilityGlobals) = postSolution
		SolutionGuid = {1C93DE9B-41CD-4D7E-8EAC-8F889EA3D241}
	EndGlobalSection
EndGlobal
